// !$*UTF8*$!
{
	archiveVersion = 1;
	classes = {
	};
	objectVersion = 56;
	objects = {

/* Begin PBXBuildFile section */
		6E0974C02B832D4F00CFDE37 /* cal_tax_swiftuiApp.swift in Sources */ = {isa = PBXBuildFile; fileRef = 6E0974BF2B832D4F00CFDE37 /* cal_tax_swiftuiApp.swift */; };
		6E0974C22B832D4F00CFDE37 /* ContentView.swift in Sources */ = {isa = PBXBuildFile; fileRef = 6E0974C12B832D4F00CFDE37 /* ContentView.swift */; };
		6E0974C42B832D5000CFDE37 /* Assets.xcassets in Resources */ = {isa = PBXBuildFile; fileRef = 6E0974C32B832D5000CFDE37 /* Assets.xcassets */; };
		6E0974C82B832D5000CFDE37 /* Preview Assets.xcassets in Resources */ = {isa = PBXBuildFile; fileRef = 6E0974C72B832D5000CFDE37 /* Preview Assets.xcassets */; };
		6E0974D22B832D5000CFDE37 /* cal_tax_swiftuiTests.swift in Sources */ = {isa = PBXBuildFile; fileRef = 6E0974D12B832D5000CFDE37 /* cal_tax_swiftuiTests.swift */; };
		6E0974DC2B832D5000CFDE37 /* cal_tax_swiftuiUITests.swift in Sources */ = {isa = PBXBuildFile; fileRef = 6E0974DB2B832D5000CFDE37 /* cal_tax_swiftuiUITests.swift */; };
		6E0974DE2B832D5000CFDE37 /* cal_tax_swiftuiUITestsLaunchTests.swift in Sources */ = {isa = PBXBuildFile; fileRef = 6E0974DD2B832D5000CFDE37 /* cal_tax_swiftuiUITestsLaunchTests.swift */; };
/* End PBXBuildFile section */

/* Begin PBXContainerItemProxy section */
		6E0974CE2B832D5000CFDE37 /* PBXContainerItemProxy */ = {
			isa = PBXContainerItemProxy;
			containerPortal = 6E0974B42B832D4F00CFDE37 /* Project object */;
			proxyType = 1;
			remoteGlobalIDString = 6E0974BB2B832D4F00CFDE37;
			remoteInfo = cal_tax_swiftui;
		};
		6E0974D82B832D5000CFDE37 /* PBXContainerItemProxy */ = {
			isa = PBXContainerItemProxy;
			containerPortal = 6E0974B42B832D4F00CFDE37 /* Project object */;
			proxyType = 1;
			remoteGlobalIDString = 6E0974BB2B832D4F00CFDE37;
			remoteInfo = cal_tax_swiftui;
		};
/* End PBXContainerItemProxy section */

/* Begin PBXFileReference section */
		6E0974BC2B832D4F00CFDE37 /* cal_tax_swiftui.app */ = {isa = PBXFileReference; explicitFileType = wrapper.application; includeInIndex = 0; path = cal_tax_swiftui.app; sourceTree = BUILT_PRODUCTS_DIR; };
		6E0974BF2B832D4F00CFDE37 /* cal_tax_swiftuiApp.swift */ = {isa = PBXFileReference; lastKnownFileType = sourcecode.swift; path = cal_tax_swiftuiApp.swift; sourceTree = "<group>"; };
		6E0974C12B832D4F00CFDE37 /* ContentView.swift */ = {isa = PBXFileReference; lastKnownFileType = sourcecode.swift; path = ContentView.swift; sourceTree = "<group>"; };
		6E0974C32B832D5000CFDE37 /* Assets.xcassets */ = {isa = PBXFileReference; lastKnownFileType = folder.assetcatalog; path = Assets.xcassets; sourceTree = "<group>"; };
		6E0974C52B832D5000CFDE37 /* cal_tax_swiftui.entitlements */ = {isa = PBXFileReference; lastKnownFileType = text.plist.entitlements; path = cal_tax_swiftui.entitlements; sourceTree = "<group>"; };
		6E0974C72B832D5000CFDE37 /* Preview Assets.xcassets */ = {isa = PBXFileReference; lastKnownFileType = folder.assetcatalog; path = "Preview Assets.xcassets"; sourceTree = "<group>"; };
		6E0974CD2B832D5000CFDE37 /* cal_tax_swiftuiTests.xctest */ = {isa = PBXFileReference; explicitFileType = wrapper.cfbundle; includeInIndex = 0; path = cal_tax_swiftuiTests.xctest; sourceTree = BUILT_PRODUCTS_DIR; };
		6E0974D12B832D5000CFDE37 /* cal_tax_swiftuiTests.swift */ = {isa = PBXFileReference; lastKnownFileType = sourcecode.swift; path = cal_tax_swiftuiTests.swift; sourceTree = "<group>"; };
		6E0974D72B832D5000CFDE37 /* cal_tax_swiftuiUITests.xctest */ = {isa = PBXFileReference; explicitFileType = wrapper.cfbundle; includeInIndex = 0; path = cal_tax_swiftuiUITests.xctest; sourceTree = BUILT_PRODUCTS_DIR; };
		6E0974DB2B832D5000CFDE37 /* cal_tax_swiftuiUITests.swift */ = {isa = PBXFileReference; lastKnownFileType = sourcecode.swift; path = cal_tax_swiftuiUITests.swift; sourceTree = "<group>"; };
		6E0974DD2B832D5000CFDE37 /* cal_tax_swiftuiUITestsLaunchTests.swift */ = {isa = PBXFileReference; lastKnownFileType = sourcecode.swift; path = cal_tax_swiftuiUITestsLaunchTests.swift; sourceTree = "<group>"; };
/* End PBXFileReference section */

/* Begin PBXFrameworksBuildPhase section */
		6E0974B92B832D4F00CFDE37 /* Frameworks */ = {
			isa = PBXFrameworksBuildPhase;
			buildActionMask = 2147483647;
			files = (
			);
			runOnlyForDeploymentPostprocessing = 0;
		};
		6E0974CA2B832D5000CFDE37 /* Frameworks */ = {
			isa = PBXFrameworksBuildPhase;
			buildActionMask = 2147483647;
			files = (
			);
			runOnlyForDeploymentPostprocessing = 0;
		};
		6E0974D42B832D5000CFDE37 /* Frameworks */ = {
			isa = PBXFrameworksBuildPhase;
			buildActionMask = 2147483647;
			files = (
			);
			runOnlyForDeploymentPostprocessing = 0;
		};
/* End PBXFrameworksBuildPhase section */

/* Begin PBXGroup section */
		6E0974B32B832D4F00CFDE37 = {
			isa = PBXGroup;
			children = (
				6E0974BE2B832D4F00CFDE37 /* cal_tax_swiftui */,
				6E0974D02B832D5000CFDE37 /* cal_tax_swiftuiTests */,
				6E0974DA2B832D5000CFDE37 /* cal_tax_swiftuiUITests */,
				6E0974BD2B832D4F00CFDE37 /* Products */,
			);
			sourceTree = "<group>";
		};
		6E0974BD2B832D4F00CFDE37 /* Products */ = {
			isa = PBXGroup;
			children = (
				6E0974BC2B832D4F00CFDE37 /* cal_tax_swiftui.app */,
				6E0974CD2B832D5000CFDE37 /* cal_tax_swiftuiTests.xctest */,
				6E0974D72B832D5000CFDE37 /* cal_tax_swiftuiUITests.xctest */,
			);
			name = Products;
			sourceTree = "<group>";
		};
		6E0974BE2B832D4F00CFDE37 /* cal_tax_swiftui */ = {
			isa = PBXGroup;
			children = (
				6E0974BF2B832D4F00CFDE37 /* cal_tax_swiftuiApp.swift */,
				6E0974C12B832D4F00CFDE37 /* ContentView.swift */,
				6E0974C32B832D5000CFDE37 /* Assets.xcassets */,
				6E0974C52B832D5000CFDE37 /* cal_tax_swiftui.entitlements */,
				6E0974C62B832D5000CFDE37 /* Preview Content */,
			);
			path = cal_tax_swiftui;
			sourceTree = "<group>";
		};
		6E0974C62B832D5000CFDE37 /* Preview Content */ = {
			isa = PBXGroup;
			children = (
				6E0974C72B832D5000CFDE37 /* Preview Assets.xcassets */,
			);
			path = "Preview Content";
			sourceTree = "<group>";
		};
		6E0974D02B832D5000CFDE37 /* cal_tax_swiftuiTests */ = {
			isa = PBXGroup;
			children = (
				6E0974D12B832D5000CFDE37 /* cal_tax_swiftuiTests.swift */,
			);
			path = cal_tax_swiftuiTests;
			sourceTree = "<group>";
		};
		6E0974DA2B832D5000CFDE37 /* cal_tax_swiftuiUITests */ = {
			isa = PBXGroup;
			children = (
				6E0974DB2B832D5000CFDE37 /* cal_tax_swiftuiUITests.swift */,
				6E0974DD2B832D5000CFDE37 /* cal_tax_swiftuiUITestsLaunchTests.swift */,
			);
			path = cal_tax_swiftuiUITests;
			sourceTree = "<group>";
		};
/* End PBXGroup section */

/* Begin PBXNativeTarget section */
		6E0974BB2B832D4F00CFDE37 /* cal_tax_swiftui */ = {
			isa = PBXNativeTarget;
			buildConfigurationList = 6E0974E12B832D5000CFDE37 /* Build configuration list for PBXNativeTarget "cal_tax_swiftui" */;
			buildPhases = (
				6E0974B82B832D4F00CFDE37 /* Sources */,
				6E0974B92B832D4F00CFDE37 /* Frameworks */,
				6E0974BA2B832D4F00CFDE37 /* Resources */,
			);
			buildRules = (
			);
			dependencies = (
			);
			name = cal_tax_swiftui;
			productName = cal_tax_swiftui;
			productReference = 6E0974BC2B832D4F00CFDE37 /* cal_tax_swiftui.app */;
			productType = "com.apple.product-type.application";
		};
		6E0974CC2B832D5000CFDE37 /* cal_tax_swiftuiTests */ = {
			isa = PBXNativeTarget;
			buildConfigurationList = 6E0974E42B832D5000CFDE37 /* Build configuration list for PBXNativeTarget "cal_tax_swiftuiTests" */;
			buildPhases = (
				6E0974C92B832D5000CFDE37 /* Sources */,
				6E0974CA2B832D5000CFDE37 /* Frameworks */,
				6E0974CB2B832D5000CFDE37 /* Resources */,
			);
			buildRules = (
			);
			dependencies = (
				6E0974CF2B832D5000CFDE37 /* PBXTargetDependency */,
			);
			name = cal_tax_swiftuiTests;
			productName = cal_tax_swiftuiTests;
			productReference = 6E0974CD2B832D5000CFDE37 /* cal_tax_swiftuiTests.xctest */;
			productType = "com.apple.product-type.bundle.unit-test";
		};
		6E0974D62B832D5000CFDE37 /* cal_tax_swiftuiUITests */ = {
			isa = PBXNativeTarget;
			buildConfigurationList = 6E0974E72B832D5000CFDE37 /* Build configuration list for PBXNativeTarget "cal_tax_swiftuiUITests" */;
			buildPhases = (
				6E0974D32B832D5000CFDE37 /* Sources */,
				6E0974D42B832D5000CFDE37 /* Frameworks */,
				6E0974D52B832D5000CFDE37 /* Resources */,
			);
			buildRules = (
			);
			dependencies = (
				6E0974D92B832D5000CFDE37 /* PBXTargetDependency */,
			);
			name = cal_tax_swiftuiUITests;
			productName = cal_tax_swiftuiUITests;
			productReference = 6E0974D72B832D5000CFDE37 /* cal_tax_swiftuiUITests.xctest */;
			productType = "com.apple.product-type.bundle.ui-testing";
		};
/* End PBXNativeTarget section */

/* Begin PBXProject section */
		6E0974B42B832D4F00CFDE37 /* Project object */ = {
			isa = PBXProject;
			attributes = {
				BuildIndependentTargetsInParallel = 1;
				LastSwiftUpdateCheck = 1430;
				LastUpgradeCheck = 1430;
				TargetAttributes = {
					6E0974BB2B832D4F00CFDE37 = {
						CreatedOnToolsVersion = 14.3.1;
					};
					6E0974CC2B832D5000CFDE37 = {
						CreatedOnToolsVersion = 14.3.1;
						TestTargetID = 6E0974BB2B832D4F00CFDE37;
					};
					6E0974D62B832D5000CFDE37 = {
						CreatedOnToolsVersion = 14.3.1;
						TestTargetID = 6E0974BB2B832D4F00CFDE37;
					};
				};
			};
			buildConfigurationList = 6E0974B72B832D4F00CFDE37 /* Build configuration list for PBXProject "cal_tax_swiftui" */;
			compatibilityVersion = "Xcode 14.0";
			developmentRegion = en;
			hasScannedForEncodings = 0;
			knownRegions = (
				en,
				Base,
			);
			mainGroup = 6E0974B32B832D4F00CFDE37;
			productRefGroup = 6E0974BD2B832D4F00CFDE37 /* Products */;
			projectDirPath = "";
			projectRoot = "";
			targets = (
				6E0974BB2B832D4F00CFDE37 /* cal_tax_swiftui */,
				6E0974CC2B832D5000CFDE37 /* cal_tax_swiftuiTests */,
				6E0974D62B832D5000CFDE37 /* cal_tax_swiftuiUITests */,
			);
		};
/* End PBXProject section */

/* Begin PBXResourcesBuildPhase section */
		6E0974BA2B832D4F00CFDE37 /* Resources */ = {
			isa = PBXResourcesBuildPhase;
			buildActionMask = 2147483647;
			files = (
				6E0974C82B832D5000CFDE37 /* Preview Assets.xcassets in Resources */,
				6E0974C42B832D5000CFDE37 /* Assets.xcassets in Resources */,
			);
			runOnlyForDeploymentPostprocessing = 0;
		};
		6E0974CB2B832D5000CFDE37 /* Resources */ = {
			isa = PBXResourcesBuildPhase;
			buildActionMask = 2147483647;
			files = (
			);
			runOnlyForDeploymentPostprocessing = 0;
		};
		6E0974D52B832D5000CFDE37 /* Resources */ = {
			isa = PBXResourcesBuildPhase;
			buildActionMask = 2147483647;
			files = (
			);
			runOnlyForDeploymentPostprocessing = 0;
		};
/* End PBXResourcesBuildPhase section */

/* Begin PBXSourcesBuildPhase section */
		6E0974B82B832D4F00CFDE37 /* Sources */ = {
			isa = PBXSourcesBuildPhase;
			buildActionMask = 2147483647;
			files = (
				6E0974C22B832D4F00CFDE37 /* ContentView.swift in Sources */,
				6E0974C02B832D4F00CFDE37 /* cal_tax_swiftuiApp.swift in Sources */,
			);
			runOnlyForDeploymentPostprocessing = 0;
		};
		6E0974C92B832D5000CFDE37 /* Sources */ = {
			isa = PBXSourcesBuildPhase;
			buildActionMask = 2147483647;
			files = (
				6E0974D22B832D5000CFDE37 /* cal_tax_swiftuiTests.swift in Sources */,
			);
			runOnlyForDeploymentPostprocessing = 0;
		};
		6E0974D32B832D5000CFDE37 /* Sources */ = {
			isa = PBXSourcesBuildPhase;
			buildActionMask = 2147483647;
			files = (
				6E0974DC2B832D5000CFDE37 /* cal_tax_swiftuiUITests.swift in Sources */,
				6E0974DE2B832D5000CFDE37 /* cal_tax_swiftuiUITestsLaunchTests.swift in Sources */,
			);
			runOnlyForDeploymentPostprocessing = 0;
		};
/* End PBXSourcesBuildPhase section */

/* Begin PBXTargetDependency section */
		6E0974CF2B832D5000CFDE37 /* PBXTargetDependency */ = {
			isa = PBXTargetDependency;
			target = 6E0974BB2B832D4F00CFDE37 /* cal_tax_swiftui */;
			targetProxy = 6E0974CE2B832D5000CFDE37 /* PBXContainerItemProxy */;
		};
		6E0974D92B832D5000CFDE37 /* PBXTargetDependency */ = {
			isa = PBXTargetDependency;
			target = 6E0974BB2B832D4F00CFDE37 /* cal_tax_swiftui */;
			targetProxy = 6E0974D82B832D5000CFDE37 /* PBXContainerItemProxy */;
		};
/* End PBXTargetDependency section */

/* Begin XCBuildConfiguration section */
		6E0974DF2B832D5000CFDE37 /* Debug */ = {
			isa = XCBuildConfiguration;
			buildSettings = {
				ALWAYS_SEARCH_USER_PATHS = NO;
				CLANG_ANALYZER_NONNULL = YES;
				CLANG_ANALYZER_NUMBER_OBJECT_CONVERSION = YES_AGGRESSIVE;
				CLANG_CXX_LANGUAGE_STANDARD = "gnu++20";
				CLANG_ENABLE_MODULES = YES;
				CLANG_ENABLE_OBJC_ARC = YES;
				CLANG_ENABLE_OBJC_WEAK = YES;
				CLANG_WARN_BLOCK_CAPTURE_AUTORELEASING = YES;
				CLANG_WARN_BOOL_CONVERSION = YES;
				CLANG_WARN_COMMA = YES;
				CLANG_WARN_CONSTANT_CONVERSION = YES;
				CLANG_WARN_DEPRECATED_OBJC_IMPLEMENTATIONS = YES;
				CLANG_WARN_DIRECT_OBJC_ISA_USAGE = YES_ERROR;
				CLANG_WARN_DOCUMENTATION_COMMENTS = YES;
				CLANG_WARN_EMPTY_BODY = YES;
				CLANG_WARN_ENUM_CONVERSION = YES;
				CLANG_WARN_INFINITE_RECURSION = YES;
				CLANG_WARN_INT_CONVERSION = YES;
				CLANG_WARN_NON_LITERAL_NULL_CONVERSION = YES;
				CLANG_WARN_OBJC_IMPLICIT_RETAIN_SELF = YES;
				CLANG_WARN_OBJC_LITERAL_CONVERSION = YES;
				CLANG_WARN_OBJC_ROOT_CLASS = YES_ERROR;
				CLANG_WARN_QUOTED_INCLUDE_IN_FRAMEWORK_HEADER = YES;
				CLANG_WARN_RANGE_LOOP_ANALYSIS = YES;
				CLANG_WARN_STRICT_PROTOTYPES = YES;
				CLANG_WARN_SUSPICIOUS_MOVE = YES;
				CLANG_WARN_UNGUARDED_AVAILABILITY = YES_AGGRESSIVE;
				CLANG_WARN_UNREACHABLE_CODE = YES;
				CLANG_WARN__DUPLICATE_METHOD_MATCH = YES;
				COPY_PHASE_STRIP = NO;
				DEBUG_INFORMATION_FORMAT = dwarf;
				ENABLE_STRICT_OBJC_MSGSEND = YES;
				ENABLE_TESTABILITY = YES;
				GCC_C_LANGUAGE_STANDARD = gnu11;
				GCC_DYNAMIC_NO_PIC = NO;
				GCC_NO_COMMON_BLOCKS = YES;
				GCC_OPTIMIZATION_LEVEL = 0;
				GCC_PREPROCESSOR_DEFINITIONS = (
					"DEBUG=1",
					"$(inherited)",
				);
				GCC_WARN_64_TO_32_BIT_CONVERSION = YES;
				GCC_WARN_ABOUT_RETURN_TYPE = YES_ERROR;
				GCC_WARN_UNDECLARED_SELECTOR = YES;
				GCC_WARN_UNINITIALIZED_AUTOS = YES_AGGRESSIVE;
				GCC_WARN_UNUSED_FUNCTION = YES;
				GCC_WARN_UNUSED_VARIABLE = YES;
				MTL_ENABLE_DEBUG_INFO = INCLUDE_SOURCE;
				MTL_FAST_MATH = YES;
				ONLY_ACTIVE_ARCH = YES;
				SWIFT_ACTIVE_COMPILATION_CONDITIONS = DEBUG;
				SWIFT_OPTIMIZATION_LEVEL = "-Onone";
			};
			name = Debug;
		};
		6E0974E02B832D5000CFDE37 /* Release */ = {
			isa = XCBuildConfiguration;
			buildSettings = {
				ALWAYS_SEARCH_USER_PATHS = NO;
				CLANG_ANALYZER_NONNULL = YES;
				CLANG_ANALYZER_NUMBER_OBJECT_CONVERSION = YES_AGGRESSIVE;
				CLANG_CXX_LANGUAGE_STANDARD = "gnu++20";
				CLANG_ENABLE_MODULES = YES;
				CLANG_ENABLE_OBJC_ARC = YES;
				CLANG_ENABLE_OBJC_WEAK = YES;
				CLANG_WARN_BLOCK_CAPTURE_AUTORELEASING = YES;
				CLANG_WARN_BOOL_CONVERSION = YES;
				CLANG_WARN_COMMA = YES;
				CLANG_WARN_CONSTANT_CONVERSION = YES;
				CLANG_WARN_DEPRECATED_OBJC_IMPLEMENTATIONS = YES;
				CLANG_WARN_DIRECT_OBJC_ISA_USAGE = YES_ERROR;
				CLANG_WARN_DOCUMENTATION_COMMENTS = YES;
				CLANG_WARN_EMPTY_BODY = YES;
				CLANG_WARN_ENUM_CONVERSION = YES;
				CLANG_WARN_INFINITE_RECURSION = YES;
				CLANG_WARN_INT_CONVERSION = YES;
				CLANG_WARN_NON_LITERAL_NULL_CONVERSION = YES;
				CLANG_WARN_OBJC_IMPLICIT_RETAIN_SELF = YES;
				CLANG_WARN_OBJC_LITERAL_CONVERSION = YES;
				CLANG_WARN_OBJC_ROOT_CLASS = YES_ERROR;
				CLANG_WARN_QUOTED_INCLUDE_IN_FRAMEWORK_HEADER = YES;
				CLANG_WARN_RANGE_LOOP_ANALYSIS = YES;
				CLANG_WARN_STRICT_PROTOTYPES = YES;
				CLANG_WARN_SUSPICIOUS_MOVE = YES;
				CLANG_WARN_UNGUARDED_AVAILABILITY = YES_AGGRESSIVE;
				CLANG_WARN_UNREACHABLE_CODE = YES;
				CLANG_WARN__DUPLICATE_METHOD_MATCH = YES;
				COPY_PHASE_STRIP = NO;
				DEBUG_INFORMATION_FORMAT = "dwarf-with-dsym";
				ENABLE_NS_ASSERTIONS = NO;
				ENABLE_STRICT_OBJC_MSGSEND = YES;
				GCC_C_LANGUAGE_STANDARD = gnu11;
				GCC_NO_COMMON_BLOCKS = YES;
				GCC_WARN_64_TO_32_BIT_CONVERSION = YES;
				GCC_WARN_ABOUT_RETURN_TYPE = YES_ERROR;
				GCC_WARN_UNDECLARED_SELECTOR = YES;
				GCC_WARN_UNINITIALIZED_AUTOS = YES_AGGRESSIVE;
				GCC_WARN_UNUSED_FUNCTION = YES;
				GCC_WARN_UNUSED_VARIABLE = YES;
				MTL_ENABLE_DEBUG_INFO = NO;
				MTL_FAST_MATH = YES;
				SWIFT_COMPILATION_MODE = wholemodule;
				SWIFT_OPTIMIZATION_LEVEL = "-O";
			};
			name = Release;
		};
		6E0974E22B832D5000CFDE37 /* Debug */ = {
			isa = XCBuildConfiguration;
			buildSettings = {
				ASSETCATALOG_COMPILER_APPICON_NAME = AppIcon;
				ASSETCATALOG_COMPILER_GLOBAL_ACCENT_COLOR_NAME = AccentColor;
				CODE_SIGN_ENTITLEMENTS = cal_tax_swiftui/cal_tax_swiftui.entitlements;
				CODE_SIGN_STYLE = Automatic;
				CURRENT_PROJECT_VERSION = 1;
				DEVELOPMENT_ASSET_PATHS = "\"cal_tax_swiftui/Preview Content\"";
				DEVELOPMENT_TEAM = CZRVK6G83J;
				ENABLE_HARDENED_RUNTIME = YES;
				ENABLE_PREVIEWS = YES;
				GENERATE_INFOPLIST_FILE = YES;
				"INFOPLIST_KEY_UIApplicationSceneManifest_Generation[sdk=iphoneos*]" = YES;
				"INFOPLIST_KEY_UIApplicationSceneManifest_Generation[sdk=iphonesimulator*]" = YES;
				"INFOPLIST_KEY_UIApplicationSupportsIndirectInputEvents[sdk=iphoneos*]" = YES;
				"INFOPLIST_KEY_UIApplicationSupportsIndirectInputEvents[sdk=iphonesimulator*]" = YES;
				"INFOPLIST_KEY_UILaunchScreen_Generation[sdk=iphoneos*]" = YES;
				"INFOPLIST_KEY_UILaunchScreen_Generation[sdk=iphonesimulator*]" = YES;
				"INFOPLIST_KEY_UIStatusBarStyle[sdk=iphoneos*]" = UIStatusBarStyleDefault;
				"INFOPLIST_KEY_UIStatusBarStyle[sdk=iphonesimulator*]" = UIStatusBarStyleDefault;
				INFOPLIST_KEY_UISupportedInterfaceOrientations_iPad = "UIInterfaceOrientationPortrait UIInterfaceOrientationPortraitUpsideDown UIInterfaceOrientationLandscapeLeft UIInterfaceOrientationLandscapeRight";
				INFOPLIST_KEY_UISupportedInterfaceOrientations_iPhone = "UIInterfaceOrientationPortrait UIInterfaceOrientationLandscapeLeft UIInterfaceOrientationLandscapeRight";
				IPHONEOS_DEPLOYMENT_TARGET = 16.4;
				LD_RUNPATH_SEARCH_PATHS = "@executable_path/Frameworks";
				"LD_RUNPATH_SEARCH_PATHS[sdk=macosx*]" = "@executable_path/../Frameworks";
				MACOSX_DEPLOYMENT_TARGET = 13.0;
				MARKETING_VERSION = 1.0;
				PRODUCT_BUNDLE_IDENTIFIER = "com.cal-tax-swiftui";
				PRODUCT_NAME = "$(TARGET_NAME)";
				SDKROOT = auto;
				SUPPORTED_PLATFORMS = "iphoneos iphonesimulator macosx";
				SWIFT_EMIT_LOC_STRINGS = YES;
				SWIFT_VERSION = 5.0;
				TARGETED_DEVICE_FAMILY = "1,2";
			};
			name = Debug;
		};
		6E0974E32B832D5000CFDE37 /* Release */ = {
			isa = XCBuildConfiguration;
			buildSettings = {
				ASSETCATALOG_COMPILER_APPICON_NAME = AppIcon;
				ASSETCATALOG_COMPILER_GLOBAL_ACCENT_COLOR_NAME = AccentColor;
				CODE_SIGN_ENTITLEMENTS = cal_tax_swiftui/cal_tax_swiftui.entitlements;
				CODE_SIGN_STYLE = Automatic;
				CURRENT_PROJECT_VERSION = 1;
				DEVELOPMENT_ASSET_PATHS = "\"cal_tax_swiftui/Preview Content\"";
				DEVELOPMENT_TEAM = CZRVK6G83J;
				ENABLE_HARDENED_RUNTIME = YES;
				ENABLE_PREVIEWS = YES;
				GENERATE_INFOPLIST_FILE = YES;
				"INFOPLIST_KEY_UIApplicationSceneManifest_Generation[sdk=iphoneos*]" = YES;
				"INFOPLIST_KEY_UIApplicationSceneManifest_Generation[sdk=iphonesimulator*]" = YES;
				"INFOPLIST_KEY_UIApplicationSupportsIndirectInputEvents[sdk=iphoneos*]" = YES;
				"INFOPLIST_KEY_UIApplicationSupportsIndirectInputEvents[sdk=iphonesimulator*]" = YES;
				"INFOPLIST_KEY_UILaunchScreen_Generation[sdk=iphoneos*]" = YES;
				"INFOPLIST_KEY_UILaunchScreen_Generation[sdk=iphonesimulator*]" = YES;
				"INFOPLIST_KEY_UIStatusBarStyle[sdk=iphoneos*]" = UIStatusBarStyleDefault;
				"INFOPLIST_KEY_UIStatusBarStyle[sdk=iphonesimulator*]" = UIStatusBarStyleDefault;
				INFOPLIST_KEY_UISupportedInterfaceOrientations_iPad = "UIInterfaceOrientationPortrait UIInterfaceOrientationPortraitUpsideDown UIInterfaceOrientationLandscapeLeft UIInterfaceOrientationLandscapeRight";
				INFOPLIST_KEY_UISupportedInterfaceOrientations_iPhone = "UIInterfaceOrientationPortrait UIInterfaceOrientationLandscapeLeft UIInterfaceOrientationLandscapeRight";
				IPHONEOS_DEPLOYMENT_TARGET = 16.4;
				LD_RUNPATH_SEARCH_PATHS = "@executable_path/Frameworks";
				"LD_RUNPATH_SEARCH_PATHS[sdk=macosx*]" = "@executable_path/../Frameworks";
				MACOSX_DEPLOYMENT_TARGET = 13.0;
				MARKETING_VERSION = 1.0;
				PRODUCT_BUNDLE_IDENTIFIER = "com.cal-tax-swiftui";
				PRODUCT_NAME = "$(TARGET_NAME)";
				SDKROOT = auto;
				SUPPORTED_PLATFORMS = "iphoneos iphonesimulator macosx";
				SWIFT_EMIT_LOC_STRINGS = YES;
				SWIFT_VERSION = 5.0;
				TARGETED_DEVICE_FAMILY = "1,2";
			};
			name = Release;
		};
		6E0974E52B832D5000CFDE37 /* Debug */ = {
			isa = XCBuildConfiguration;
			buildSettings = {
				ALWAYS_EMBED_SWIFT_STANDARD_LIBRARIES = YES;
				BUNDLE_LOADER = "$(TEST_HOST)";
				CODE_SIGN_STYLE = Automatic;
				CURRENT_PROJECT_VERSION = 1;
				DEVELOPMENT_TEAM = CZRVK6G83J;
				GENERATE_INFOPLIST_FILE = YES;
				IPHONEOS_DEPLOYMENT_TARGET = 16.4;
				MACOSX_DEPLOYMENT_TARGET = 13.0;
				MARKETING_VERSION = 1.0;
				PRODUCT_BUNDLE_IDENTIFIER = "com.cal-tax-swiftuiTests";
				PRODUCT_NAME = "$(TARGET_NAME)";
				SDKROOT = auto;
				SUPPORTED_PLATFORMS = "iphoneos iphonesimulator macosx";
				SWIFT_EMIT_LOC_STRINGS = NO;
				SWIFT_VERSION = 5.0;
				TARGETED_DEVICE_FAMILY = "1,2";
				TEST_HOST = "$(BUILT_PRODUCTS_DIR)/cal_tax_swiftui.app/$(BUNDLE_EXECUTABLE_FOLDER_PATH)/cal_tax_swiftui";
			};
			name = Debug;
		};
		6E0974E62B832D5000CFDE37 /* Release */ = {
			isa = XCBuildConfiguration;
			buildSettings = {
				ALWAYS_EMBED_SWIFT_STANDARD_LIBRARIES = YES;
				BUNDLE_LOADER = "$(TEST_HOST)";
				CODE_SIGN_STYLE = Automatic;
				CURRENT_PROJECT_VERSION = 1;
				DEVELOPMENT_TEAM = CZRVK6G83J;
				GENERATE_INFOPLIST_FILE = YES;
				IPHONEOS_DEPLOYMENT_TARGET = 16.4;
				MACOSX_DEPLOYMENT_TARGET = 13.0;
				MARKETING_VERSION = 1.0;
				PRODUCT_BUNDLE_IDENTIFIER = "com.cal-tax-swiftuiTests";
				PRODUCT_NAME = "$(TARGET_NAME)";
				SDKROOT = auto;
				SUPPORTED_PLATFORMS = "iphoneos iphonesimulator macosx";
				SWIFT_EMIT_LOC_STRINGS = NO;
				SWIFT_VERSION = 5.0;
				TARGETED_DEVICE_FAMILY = "1,2";
				TEST_HOST = "$(BUILT_PRODUCTS_DIR)/cal_tax_swiftui.app/$(BUNDLE_EXECUTABLE_FOLDER_PATH)/cal_tax_swiftui";
			};
			name = Release;
		};
		6E0974E82B832D5000CFDE37 /* Debug */ = {
			isa = XCBuildConfiguration;
			buildSettings = {
				ALWAYS_EMBED_SWIFT_STANDARD_LIBRARIES = YES;
				CODE_SIGN_STYLE = Automatic;
				CURRENT_PROJECT_VERSION = 1;
				DEVELOPMENT_TEAM = CZRVK6G83J;
				GENERATE_INFOPLIST_FILE = YES;
				IPHONEOS_DEPLOYMENT_TARGET = 16.4;
				MACOSX_DEPLOYMENT_TARGET = 13.0;
				MARKETING_VERSION = 1.0;
				PRODUCT_BUNDLE_IDENTIFIER = "com.cal-tax-swiftuiUITests";
				PRODUCT_NAME = "$(TARGET_NAME)";
				SDKROOT = auto;
				SUPPORTED_PLATFORMS = "iphoneos iphonesimulator macosx";
				SWIFT_EMIT_LOC_STRINGS = NO;
				SWIFT_VERSION = 5.0;
				TARGETED_DEVICE_FAMILY = "1,2";
				TEST_TARGET_NAME = cal_tax_swiftui;
			};
			name = Debug;
		};
		6E0974E92B832D5000CFDE37 /* Release */ = {
			isa = XCBuildConfiguration;
			buildSettings = {
				ALWAYS_EMBED_SWIFT_STANDARD_LIBRARIES = YES;
				CODE_SIGN_STYLE = Automatic;
				CURRENT_PROJECT_VERSION = 1;
				DEVELOPMENT_TEAM = CZRVK6G83J;
				GENERATE_INFOPLIST_FILE = YES;
				IPHONEOS_DEPLOYMENT_TARGET = 16.4;
				MACOSX_DEPLOYMENT_TARGET = 13.0;
				MARKETING_VERSION = 1.0;
				PRODUCT_BUNDLE_IDENTIFIER = "com.cal-tax-swiftuiUITests";
				PRODUCT_NAME = "$(TARGET_NAME)";
				SDKROOT = auto;
				SUPPORTED_PLATFORMS = "iphoneos iphonesimulator macosx";
				SWIFT_EMIT_LOC_STRINGS = NO;
				SWIFT_VERSION = 5.0;
				TARGETED_DEVICE_FAMILY = "1,2";
				TEST_TARGET_NAME = cal_tax_swiftui;
			};
			name = Release;
		};
/* End XCBuildConfiguration section */

/* Begin XCConfigurationList section */
		6E0974B72B832D4F00CFDE37 /* Build configuration list for PBXProject "cal_tax_swiftui" */ = {
			isa = XCConfigurationList;
			buildConfigurations = (
				6E0974DF2B832D5000CFDE37 /* Debug */,
				6E0974E02B832D5000CFDE37 /* Release */,
			);
			defaultConfigurationIsVisible = 0;
			defaultConfigurationName = Release;
		};
		6E0974E12B832D5000CFDE37 /* Build configuration list for PBXNativeTarget "cal_tax_swiftui" */ = {
			isa = XCConfigurationList;
			buildConfigurations = (
				6E0974E22B832D5000CFDE37 /* Debug */,
				6E0974E32B832D5000CFDE37 /* Release */,
			);
			defaultConfigurationIsVisible = 0;
			defaultConfigurationName = Release;
		};
		6E0974E42B832D5000CFDE37 /* Build configuration list for PBXNativeTarget "cal_tax_swiftuiTests" */ = {
			isa = XCConfigurationList;
			buildConfigurations = (
				6E0974E52B832D5000CFDE37 /* Debug */,
				6E0974E62B832D5000CFDE37 /* Release */,
			);
			defaultConfigurationIsVisible = 0;
			defaultConfigurationName = Release;
		};
		6E0974E72B832D5000CFDE37 /* Build configuration list for PBXNativeTarget "cal_tax_swiftuiUITests" */ = {
			isa = XCConfigurationList;
			buildConfigurations = (
				6E0974E82B832D5000CFDE37 /* Debug */,
				6E0974E92B832D5000CFDE37 /* Release */,
			);
			defaultConfigurationIsVisible = 0;
			defaultConfigurationName = Release;
		};
/* End XCConfigurationList section */
	};
	rootObject = 6E0974B42B832D4F00CFDE37 /* Project object */;
}
